// !$*UTF8*$!
{
	archiveVersion = 1;
	classes = {
	};
	objectVersion = 46;
	objects = {

/* Begin PBXBuildFile section */
		6511662F174394A300CD81FF /* UIKit.framework in Frameworks */ = {isa = PBXBuildFile; fileRef = 6511662E174394A300CD81FF /* UIKit.framework */; };
		65116631174394A300CD81FF /* Foundation.framework in Frameworks */ = {isa = PBXBuildFile; fileRef = 65116630174394A300CD81FF /* Foundation.framework */; };
		65116633174394A300CD81FF /* CoreGraphics.framework in Frameworks */ = {isa = PBXBuildFile; fileRef = 65116632174394A300CD81FF /* CoreGraphics.framework */; };
		65116639174394A300CD81FF /* InfoPlist.strings in Resources */ = {isa = PBXBuildFile; fileRef = 65116637174394A300CD81FF /* InfoPlist.strings */; };
		6511663B174394A300CD81FF /* main.m in Sources */ = {isa = PBXBuildFile; fileRef = 6511663A174394A300CD81FF /* main.m */; };
		6511663F174394A300CD81FF /* tomAppDelegate.m in Sources */ = {isa = PBXBuildFile; fileRef = 6511663E174394A300CD81FF /* tomAppDelegate.m */; };
		65116641174394A300CD81FF /* Default.png in Resources */ = {isa = PBXBuildFile; fileRef = 65116640174394A300CD81FF /* Default.png */; };
		65116643174394A300CD81FF /* Default@2x.png in Resources */ = {isa = PBXBuildFile; fileRef = 65116642174394A300CD81FF /* Default@2x.png */; };
		65116645174394A300CD81FF /* Default-568h@2x.png in Resources */ = {isa = PBXBuildFile; fileRef = 65116644174394A300CD81FF /* Default-568h@2x.png */; };
		65116648174394A300CD81FF /* tomViewController.m in Sources */ = {isa = PBXBuildFile; fileRef = 65116647174394A300CD81FF /* tomViewController.m */; };
		6511664B174394A300CD81FF /* tomViewController.xib in Resources */ = {isa = PBXBuildFile; fileRef = 65116649174394A300CD81FF /* tomViewController.xib */; };
/* End PBXBuildFile section */

/* Begin PBXFileReference section */
		6511662B174394A300CD81FF /* ffffff.app */ = {isa = PBXFileReference; explicitFileType = wrapper.application; includeInIndex = 0; path = ffffff.app; sourceTree = BUILT_PRODUCTS_DIR; };
		6511662E174394A300CD81FF /* UIKit.framework */ = {isa = PBXFileReference; lastKnownFileType = wrapper.framework; name = UIKit.framework; path = System/Library/Frameworks/UIKit.framework; sourceTree = SDKROOT; };
		65116630174394A300CD81FF /* Foundation.framework */ = {isa = PBXFileReference; lastKnownFileType = wrapper.framework; name = Foundation.framework; path = System/Library/Frameworks/Foundation.framework; sourceTree = SDKROOT; };
		65116632174394A300CD81FF /* CoreGraphics.framework */ = {isa = PBXFileReference; lastKnownFileType = wrapper.framework; name = CoreGraphics.framework; path = System/Library/Frameworks/CoreGraphics.framework; sourceTree = SDKROOT; };
		65116636174394A300CD81FF /* ffffff-Info.plist */ = {isa = PBXFileReference; lastKnownFileType = text.plist.xml; path = "ffffff-Info.plist"; sourceTree = "<group>"; };
		65116638174394A300CD81FF /* en */ = {isa = PBXFileReference; lastKnownFileType = text.plist.strings; name = en; path = en.lproj/InfoPlist.strings; sourceTree = "<group>"; };
		6511663A174394A300CD81FF /* main.m */ = {isa = PBXFileReference; lastKnownFileType = sourcecode.c.objc; path = main.m; sourceTree = "<group>"; };
		6511663C174394A300CD81FF /* ffffff-Prefix.pch */ = {isa = PBXFileReference; lastKnownFileType = sourcecode.c.h; path = "ffffff-Prefix.pch"; sourceTree = "<group>"; };
		6511663D174394A300CD81FF /* tomAppDelegate.h */ = {isa = PBXFileReference; lastKnownFileType = sourcecode.c.h; path = tomAppDelegate.h; sourceTree = "<group>"; };
		6511663E174394A300CD81FF /* tomAppDelegate.m */ = {isa = PBXFileReference; lastKnownFileType = sourcecode.c.objc; path = tomAppDelegate.m; sourceTree = "<group>"; };
		65116640174394A300CD81FF /* Default.png */ = {isa = PBXFileReference; lastKnownFileType = image.png; path = Default.png; sourceTree = "<group>"; };
		65116642174394A300CD81FF /* Default@2x.png */ = {isa = PBXFileReference; lastKnownFileType = image.png; path = "Default@2x.png"; sourceTree = "<group>"; };
		65116644174394A300CD81FF /* Default-568h@2x.png */ = {isa = PBXFileReference; lastKnownFileType = image.png; path = "Default-568h@2x.png"; sourceTree = "<group>"; };
		65116646174394A300CD81FF /* tomViewController.h */ = {isa = PBXFileReference; lastKnownFileType = sourcecode.c.h; path = tomViewController.h; sourceTree = "<group>"; };
		65116647174394A300CD81FF /* tomViewController.m */ = {isa = PBXFileReference; lastKnownFileType = sourcecode.c.objc; path = tomViewController.m; sourceTree = "<group>"; };
		6511664A174394A300CD81FF /* en */ = {isa = PBXFileReference; lastKnownFileType = file.xib; name = en; path = en.lproj/tomViewController.xib; sourceTree = "<group>"; };
/* End PBXFileReference section */

/* Begin PBXFrameworksBuildPhase section */
		65116628174394A300CD81FF /* Frameworks */ = {
			isa = PBXFrameworksBuildPhase;
			buildActionMask = 2147483647;
			files = (
				6511662F174394A300CD81FF /* UIKit.framework in Frameworks */,
				65116631174394A300CD81FF /* Foundation.framework in Frameworks */,
				65116633174394A300CD81FF /* CoreGraphics.framework in Frameworks */,
			);
			runOnlyForDeploymentPostprocessing = 0;
		};
/* End PBXFrameworksBuildPhase section */

/* Begin PBXGroup section */
		65116622174394A300CD81FF = {
			isa = PBXGroup;
			children = (
				65116634174394A300CD81FF /* ffffff */,
				6511662D174394A300CD81FF /* Frameworks */,
				6511662C174394A300CD81FF /* Products */,
			);
			sourceTree = "<group>";
		};
		6511662C174394A300CD81FF /* Products */ = {
			isa = PBXGroup;
			children = (
				6511662B174394A300CD81FF /* ffffff.app */,
			);
			name = Products;
			sourceTree = "<group>";
		};
		6511662D174394A300CD81FF /* Frameworks */ = {
			isa = PBXGroup;
			children = (
				6511662E174394A300CD81FF /* UIKit.framework */,
				65116630174394A300CD81FF /* Foundation.framework */,
				65116632174394A300CD81FF /* CoreGraphics.framework */,
			);
			name = Frameworks;
			sourceTree = "<group>";
		};
		65116634174394A300CD81FF /* ffffff */ = {
			isa = PBXGroup;
			children = (
				6511663D174394A300CD81FF /* tomAppDelegate.h */,
				6511663E174394A300CD81FF /* tomAppDelegate.m */,
				65116646174394A300CD81FF /* tomViewController.h */,
				65116647174394A300CD81FF /* tomViewController.m */,
				65116649174394A300CD81FF /* tomViewController.xib */,
				65116635174394A300CD81FF /* Supporting Files */,
			);
			path = ffffff;
			sourceTree = "<group>";
		};
		65116635174394A300CD81FF /* Supporting Files */ = {
			isa = PBXGroup;
			children = (
				65116636174394A300CD81FF /* ffffff-Info.plist */,
				65116637174394A300CD81FF /* InfoPlist.strings */,
				6511663A174394A300CD81FF /* main.m */,
				6511663C174394A300CD81FF /* ffffff-Prefix.pch */,
				65116640174394A300CD81FF /* Default.png */,
				65116642174394A300CD81FF /* Default@2x.png */,
				65116644174394A300CD81FF /* Default-568h@2x.png */,
			);
			name = "Supporting Files";
			sourceTree = "<group>";
		};
/* End PBXGroup section */

/* Begin PBXNativeTarget section */
		6511662A174394A300CD81FF /* ffffff */ = {
			isa = PBXNativeTarget;
			buildConfigurationList = 6511664E174394A300CD81FF /* Build configuration list for PBXNativeTarget "ffffff" */;
			buildPhases = (
				65116627174394A300CD81FF /* Sources */,
				65116628174394A300CD81FF /* Frameworks */,
				65116629174394A300CD81FF /* Resources */,
			);
			buildRules = (
			);
			dependencies = (
			);
			name = ffffff;
			productName = ffffff;
			productReference = 6511662B174394A300CD81FF /* ffffff.app */;
			productType = "com.apple.product-type.application";
		};
/* End PBXNativeTarget section */

/* Begin PBXProject section */
		65116623174394A300CD81FF /* Project object */ = {
			isa = PBXProject;
			attributes = {
				CLASSPREFIX = tom;
				LastUpgradeCheck = 0460;
				ORGANIZATIONNAME = Tommy;
			};
			buildConfigurationList = 65116626174394A300CD81FF /* Build configuration list for PBXProject "ffffff" */;
			compatibilityVersion = "Xcode 3.2";
			developmentRegion = English;
			hasScannedForEncodings = 0;
			knownRegions = (
				en,
			);
			mainGroup = 65116622174394A300CD81FF;
			productRefGroup = 6511662C174394A300CD81FF /* Products */;
			projectDirPath = "";
			projectRoot = "";
			targets = (
				6511662A174394A300CD81FF /* ffffff */,
			);
		};
/* End PBXProject section */

/* Begin PBXResourcesBuildPhase section */
		65116629174394A300CD81FF /* Resources */ = {
			isa = PBXResourcesBuildPhase;
			buildActionMask = 2147483647;
			files = (
				65116639174394A300CD81FF /* InfoPlist.strings in Resources */,
				65116641174394A300CD81FF /* Default.png in Resources */,
				65116643174394A300CD81FF /* Default@2x.png in Resources */,
				65116645174394A300CD81FF /* Default-568h@2x.png in Resources */,
				6511664B174394A300CD81FF /* tomViewController.xib in Resources */,
			);
			runOnlyForDeploymentPostprocessing = 0;
		};
/* End PBXResourcesBuildPhase section */

/* Begin PBXSourcesBuildPhase section */
		65116627174394A300CD81FF /* Sources */ = {
			isa = PBXSourcesBuildPhase;
			buildActionMask = 2147483647;
			files = (
				6511663B174394A300CD81FF /* main.m in Sources */,
				6511663F174394A300CD81FF /* tomAppDelegate.m in Sources */,
				65116648174394A300CD81FF /* tomViewController.m in Sources */,
			);
			runOnlyForDeploymentPostprocessing = 0;
		};
/* End PBXSourcesBuildPhase section */

/* Begin PBXVariantGroup section */
		65116637174394A300CD81FF /* InfoPlist.strings */ = {
			isa = PBXVariantGroup;
			children = (
				65116638174394A300CD81FF /* en */,
			);
			name = InfoPlist.strings;
			sourceTree = "<group>";
		};
		65116649174394A300CD81FF /* tomViewController.xib */ = {
			isa = PBXVariantGroup;
			children = (
				6511664A174394A300CD81FF /* en */,
			);
			name = tomViewController.xib;
			sourceTree = "<group>";
		};
/* End PBXVariantGroup section */

/* Begin XCBuildConfiguration section */
		6511664C174394A300CD81FF /* Debug */ = {
			isa = XCBuildConfiguration;
			buildSettings = {
				ALWAYS_SEARCH_USER_PATHS = NO;
				CLANG_CXX_LANGUAGE_STANDARD = "gnu++0x";
				CLANG_CXX_LIBRARY = "libc++";
				CLANG_WARN_CONSTANT_CONVERSION = YES;
				CLANG_WARN_EMPTY_BODY = YES;
				CLANG_WARN_ENUM_CONVERSION = YES;
				CLANG_WARN_INT_CONVERSION = YES;
				CLANG_WARN__DUPLICATE_METHOD_MATCH = YES;
				"CODE_SIGN_IDENTITY[sdk=iphoneos*]" = "iPhone Developer";
				COPY_PHASE_STRIP = NO;
				GCC_C_LANGUAGE_STANDARD = gnu99;
				GCC_DYNAMIC_NO_PIC = NO;
				GCC_OPTIMIZATION_LEVEL = 0;
				GCC_PREPROCESSOR_DEFINITIONS = (
					"DEBUG=1",
					"$(inherited)",
				);
				GCC_SYMBOLS_PRIVATE_EXTERN = NO;
				GCC_WARN_ABOUT_RETURN_TYPE = YES;
				GCC_WARN_UNINITIALIZED_AUTOS = YES;
				GCC_WARN_UNUSED_VARIABLE = YES;
				IPHONEOS_DEPLOYMENT_TARGET = 6.1;
				ONLY_ACTIVE_ARCH = YES;
				SDKROOT = iphoneos;
			};
			name = Debug;
		};
		6511664D174394A300CD81FF /* Release */ = {
			isa = XCBuildConfiguration;
			buildSettings = {
				ALWAYS_SEARCH_USER_PATHS = NO;
				CLANG_CXX_LANGUAGE_STANDARD = "gnu++0x";
				CLANG_CXX_LIBRARY = "libc++";
				CLANG_WARN_CONSTANT_CONVERSION = YES;
				CLANG_WARN_EMPTY_BODY = YES;
				CLANG_WARN_ENUM_CONVERSION = YES;
				CLANG_WARN_INT_CONVERSION = YES;
				CLANG_WARN__DUPLICATE_METHOD_MATCH = YES;
				"CODE_SIGN_IDENTITY[sdk=iphoneos*]" = "iPhone Developer";
				COPY_PHASE_STRIP = YES;
				GCC_C_LANGUAGE_STANDARD = gnu99;
				GCC_WARN_ABOUT_RETURN_TYPE = YES;
				GCC_WARN_UNINITIALIZED_AUTOS = YES;
				GCC_WARN_UNUSED_VARIABLE = YES;
				IPHONEOS_DEPLOYMENT_TARGET = 6.1;
				OTHER_CFLAGS = "-DNS_BLOCK_ASSERTIONS=1";
				SDKROOT = iphoneos;
				VALIDATE_PRODUCT = YES;
			};
			name = Release;
		};
		6511664F174394A300CD81FF /* Debug */ = {
			isa = XCBuildConfiguration;
			buildSettings = {
				GCC_PRECOMPILE_PREFIX_HEADER = YES;
				GCC_PREFIX_HEADER = "ffffff/ffffff-Prefix.pch";
				INFOPLIST_FILE = "ffffff/ffffff-Info.plist";
				PRODUCT_NAME = "$(TARGET_NAME)";
				WRAPPER_EXTENSION = app;
			};
			name = Debug;
		};
		65116650174394A300CD81FF /* Release */ = {
			isa = XCBuildConfiguration;
			buildSettings = {
				GCC_PRECOMPILE_PREFIX_HEADER = YES;
				GCC_PREFIX_HEADER = "ffffff/ffffff-Prefix.pch";
				INFOPLIST_FILE = "ffffff/ffffff-Info.plist";
				PRODUCT_NAME = "$(TARGET_NAME)";
				WRAPPER_EXTENSION = app;
			};
			name = Release;
		};
/* End XCBuildConfiguration section */

/* Begin XCConfigurationList section */
		65116626174394A300CD81FF /* Build configuration list for PBXProject "ffffff" */ = {
			isa = XCConfigurationList;
			buildConfigurations = (
				6511664C174394A300CD81FF /* Debug */,
				6511664D174394A300CD81FF /* Release */,
			);
			defaultConfigurationIsVisible = 0;
			defaultConfigurationName = Release;
		};
		6511664E174394A300CD81FF /* Build configuration list for PBXNativeTarget "ffffff" */ = {
			isa = XCConfigurationList;
			buildConfigurations = (
				6511664F174394A300CD81FF /* Debug */,
				65116650174394A300CD81FF /* Release */,
			);
			defaultConfigurationIsVisible = 0;
		};
/* End XCConfigurationList section */
	};
	rootObject = 65116623174394A300CD81FF /* Project object */;
}
