// !$*UTF8*$!
{
	archiveVersion = 1;
	classes = {
	};
	objectVersion = 46;
	objects = {

/* Begin PBXBuildFile section */
		6567F4891744C4CA009062B0 /* UIKit.framework in Frameworks */ = {isa = PBXBuildFile; fileRef = 6567F4881744C4CA009062B0 /* UIKit.framework */; };
		6567F48B1744C4CA009062B0 /* Foundation.framework in Frameworks */ = {isa = PBXBuildFile; fileRef = 6567F48A1744C4CA009062B0 /* Foundation.framework */; };
		6567F48D1744C4CA009062B0 /* CoreGraphics.framework in Frameworks */ = {isa = PBXBuildFile; fileRef = 6567F48C1744C4CA009062B0 /* CoreGraphics.framework */; };
		6567F4931744C4CA009062B0 /* InfoPlist.strings in Resources */ = {isa = PBXBuildFile; fileRef = 6567F4911744C4CA009062B0 /* InfoPlist.strings */; };
		6567F4951744C4CA009062B0 /* main.m in Sources */ = {isa = PBXBuildFile; fileRef = 6567F4941744C4CA009062B0 /* main.m */; };
		6567F4991744C4CA009062B0 /* tomAppDelegate.m in Sources */ = {isa = PBXBuildFile; fileRef = 6567F4981744C4CA009062B0 /* tomAppDelegate.m */; };
		6567F49B1744C4CA009062B0 /* Default.png in Resources */ = {isa = PBXBuildFile; fileRef = 6567F49A1744C4CA009062B0 /* Default.png */; };
		6567F49D1744C4CA009062B0 /* Default@2x.png in Resources */ = {isa = PBXBuildFile; fileRef = 6567F49C1744C4CA009062B0 /* Default@2x.png */; };
		6567F49F1744C4CA009062B0 /* Default-568h@2x.png in Resources */ = {isa = PBXBuildFile; fileRef = 6567F49E1744C4CA009062B0 /* Default-568h@2x.png */; };
		6567F4A71744C520009062B0 /* tomRootViewController.m in Sources */ = {isa = PBXBuildFile; fileRef = 6567F4A61744C520009062B0 /* tomRootViewController.m */; };
		6567F4A91744CEC0009062B0 /* RootView.xib in Resources */ = {isa = PBXBuildFile; fileRef = 6567F4A81744CEC0009062B0 /* RootView.xib */; };
		6567F4AD1744DBFF009062B0 /* tomTableViewController.m in Sources */ = {isa = PBXBuildFile; fileRef = 6567F4AB1744DBFF009062B0 /* tomTableViewController.m */; };
		6567F4AE1744DBFF009062B0 /* tomTableViewController.xib in Resources */ = {isa = PBXBuildFile; fileRef = 6567F4AC1744DBFF009062B0 /* tomTableViewController.xib */; };
		6567F4B21744DDF0009062B0 /* tomxxxTableViewController.m in Sources */ = {isa = PBXBuildFile; fileRef = 6567F4B01744DDF0009062B0 /* tomxxxTableViewController.m */; };
		6567F4B31744DDF0009062B0 /* tomxxxTableViewController.xib in Resources */ = {isa = PBXBuildFile; fileRef = 6567F4B11744DDF0009062B0 /* tomxxxTableViewController.xib */; };
/* End PBXBuildFile section */

/* Begin PBXFileReference section */
		6567F4851744C4CA009062B0 /* TableViewDemo.app */ = {isa = PBXFileReference; explicitFileType = wrapper.application; includeInIndex = 0; path = TableViewDemo.app; sourceTree = BUILT_PRODUCTS_DIR; };
		6567F4881744C4CA009062B0 /* UIKit.framework */ = {isa = PBXFileReference; lastKnownFileType = wrapper.framework; name = UIKit.framework; path = System/Library/Frameworks/UIKit.framework; sourceTree = SDKROOT; };
		6567F48A1744C4CA009062B0 /* Foundation.framework */ = {isa = PBXFileReference; lastKnownFileType = wrapper.framework; name = Foundation.framework; path = System/Library/Frameworks/Foundation.framework; sourceTree = SDKROOT; };
		6567F48C1744C4CA009062B0 /* CoreGraphics.framework */ = {isa = PBXFileReference; lastKnownFileType = wrapper.framework; name = CoreGraphics.framework; path = System/Library/Frameworks/CoreGraphics.framework; sourceTree = SDKROOT; };
		6567F4901744C4CA009062B0 /* TableViewDemo-Info.plist */ = {isa = PBXFileReference; lastKnownFileType = text.plist.xml; path = "TableViewDemo-Info.plist"; sourceTree = "<group>"; };
		6567F4921744C4CA009062B0 /* en */ = {isa = PBXFileReference; lastKnownFileType = text.plist.strings; name = en; path = en.lproj/InfoPlist.strings; sourceTree = "<group>"; };
		6567F4941744C4CA009062B0 /* main.m */ = {isa = PBXFileReference; lastKnownFileType = sourcecode.c.objc; path = main.m; sourceTree = "<group>"; };
		6567F4961744C4CA009062B0 /* TableViewDemo-Prefix.pch */ = {isa = PBXFileReference; lastKnownFileType = sourcecode.c.h; path = "TableViewDemo-Prefix.pch"; sourceTree = "<group>"; };
		6567F4971744C4CA009062B0 /* tomAppDelegate.h */ = {isa = PBXFileReference; lastKnownFileType = sourcecode.c.h; path = tomAppDelegate.h; sourceTree = "<group>"; };
		6567F4981744C4CA009062B0 /* tomAppDelegate.m */ = {isa = PBXFileReference; lastKnownFileType = sourcecode.c.objc; path = tomAppDelegate.m; sourceTree = "<group>"; };
		6567F49A1744C4CA009062B0 /* Default.png */ = {isa = PBXFileReference; lastKnownFileType = image.png; path = Default.png; sourceTree = "<group>"; };
		6567F49C1744C4CA009062B0 /* Default@2x.png */ = {isa = PBXFileReference; lastKnownFileType = image.png; path = "Default@2x.png"; sourceTree = "<group>"; };
		6567F49E1744C4CA009062B0 /* Default-568h@2x.png */ = {isa = PBXFileReference; lastKnownFileType = image.png; path = "Default-568h@2x.png"; sourceTree = "<group>"; };
		6567F4A51744C520009062B0 /* tomRootViewController.h */ = {isa = PBXFileReference; fileEncoding = 4; lastKnownFileType = sourcecode.c.h; path = tomRootViewController.h; sourceTree = "<group>"; };
		6567F4A61744C520009062B0 /* tomRootViewController.m */ = {isa = PBXFileReference; fileEncoding = 4; lastKnownFileType = sourcecode.c.objc; path = tomRootViewController.m; sourceTree = "<group>"; };
		6567F4A81744CEC0009062B0 /* RootView.xib */ = {isa = PBXFileReference; fileEncoding = 4; lastKnownFileType = file.xib; path = RootView.xib; sourceTree = "<group>"; };
		6567F4AA1744DBFF009062B0 /* tomTableViewController.h */ = {isa = PBXFileReference; fileEncoding = 4; lastKnownFileType = sourcecode.c.h; path = tomTableViewController.h; sourceTree = "<group>"; };
		6567F4AB1744DBFF009062B0 /* tomTableViewController.m */ = {isa = PBXFileReference; fileEncoding = 4; lastKnownFileType = sourcecode.c.objc; path = tomTableViewController.m; sourceTree = "<group>"; };
		6567F4AC1744DBFF009062B0 /* tomTableViewController.xib */ = {isa = PBXFileReference; fileEncoding = 4; lastKnownFileType = file.xib; path = tomTableViewController.xib; sourceTree = "<group>"; };
		6567F4AF1744DDF0009062B0 /* tomxxxTableViewController.h */ = {isa = PBXFileReference; fileEncoding = 4; lastKnownFileType = sourcecode.c.h; path = tomxxxTableViewController.h; sourceTree = "<group>"; };
		6567F4B01744DDF0009062B0 /* tomxxxTableViewController.m */ = {isa = PBXFileReference; fileEncoding = 4; lastKnownFileType = sourcecode.c.objc; path = tomxxxTableViewController.m; sourceTree = "<group>"; };
		6567F4B11744DDF0009062B0 /* tomxxxTableViewController.xib */ = {isa = PBXFileReference; fileEncoding = 4; lastKnownFileType = file.xib; path = tomxxxTableViewController.xib; sourceTree = "<group>"; };
/* End PBXFileReference section */

/* Begin PBXFrameworksBuildPhase section */
		6567F4821744C4CA009062B0 /* Frameworks */ = {
			isa = PBXFrameworksBuildPhase;
			buildActionMask = 2147483647;
			files = (
				6567F4891744C4CA009062B0 /* UIKit.framework in Frameworks */,
				6567F48B1744C4CA009062B0 /* Foundation.framework in Frameworks */,
				6567F48D1744C4CA009062B0 /* CoreGraphics.framework in Frameworks */,
			);
			runOnlyForDeploymentPostprocessing = 0;
		};
/* End PBXFrameworksBuildPhase section */

/* Begin PBXGroup section */
		6567F47C1744C4CA009062B0 = {
			isa = PBXGroup;
			children = (
				6567F48E1744C4CA009062B0 /* TableViewDemo */,
				6567F4871744C4CA009062B0 /* Frameworks */,
				6567F4861744C4CA009062B0 /* Products */,
			);
			sourceTree = "<group>";
		};
		6567F4861744C4CA009062B0 /* Products */ = {
			isa = PBXGroup;
			children = (
				6567F4851744C4CA009062B0 /* TableViewDemo.app */,
			);
			name = Products;
			sourceTree = "<group>";
		};
		6567F4871744C4CA009062B0 /* Frameworks */ = {
			isa = PBXGroup;
			children = (
				6567F4881744C4CA009062B0 /* UIKit.framework */,
				6567F48A1744C4CA009062B0 /* Foundation.framework */,
				6567F48C1744C4CA009062B0 /* CoreGraphics.framework */,
			);
			name = Frameworks;
			sourceTree = "<group>";
		};
		6567F48E1744C4CA009062B0 /* TableViewDemo */ = {
			isa = PBXGroup;
			children = (
				6567F4AF1744DDF0009062B0 /* tomxxxTableViewController.h */,
				6567F4B01744DDF0009062B0 /* tomxxxTableViewController.m */,
				6567F4B11744DDF0009062B0 /* tomxxxTableViewController.xib */,
				6567F4AA1744DBFF009062B0 /* tomTableViewController.h */,
				6567F4AB1744DBFF009062B0 /* tomTableViewController.m */,
				6567F4A51744C520009062B0 /* tomRootViewController.h */,
				6567F4A61744C520009062B0 /* tomRootViewController.m */,
				6567F4971744C4CA009062B0 /* tomAppDelegate.h */,
				6567F4981744C4CA009062B0 /* tomAppDelegate.m */,
				6567F48F1744C4CA009062B0 /* Supporting Files */,
				6567F4A81744CEC0009062B0 /* RootView.xib */,
				6567F4AC1744DBFF009062B0 /* tomTableViewController.xib */,
			);
			path = TableViewDemo;
			sourceTree = "<group>";
		};
		6567F48F1744C4CA009062B0 /* Supporting Files */ = {
			isa = PBXGroup;
			children = (
				6567F4901744C4CA009062B0 /* TableViewDemo-Info.plist */,
				6567F4911744C4CA009062B0 /* InfoPlist.strings */,
				6567F4941744C4CA009062B0 /* main.m */,
				6567F4961744C4CA009062B0 /* TableViewDemo-Prefix.pch */,
				6567F49A1744C4CA009062B0 /* Default.png */,
				6567F49C1744C4CA009062B0 /* Default@2x.png */,
				6567F49E1744C4CA009062B0 /* Default-568h@2x.png */,
			);
			name = "Supporting Files";
			sourceTree = "<group>";
		};
/* End PBXGroup section */

/* Begin PBXNativeTarget section */
		6567F4841744C4CA009062B0 /* TableViewDemo */ = {
			isa = PBXNativeTarget;
			buildConfigurationList = 6567F4A21744C4CA009062B0 /* Build configuration list for PBXNativeTarget "TableViewDemo" */;
			buildPhases = (
				6567F4811744C4CA009062B0 /* Sources */,
				6567F4821744C4CA009062B0 /* Frameworks */,
				6567F4831744C4CA009062B0 /* Resources */,
			);
			buildRules = (
			);
			dependencies = (
			);
			name = TableViewDemo;
			productName = TableViewDemo;
			productReference = 6567F4851744C4CA009062B0 /* TableViewDemo.app */;
			productType = "com.apple.product-type.application";
		};
/* End PBXNativeTarget section */

/* Begin PBXProject section */
		6567F47D1744C4CA009062B0 /* Project object */ = {
			isa = PBXProject;
			attributes = {
				CLASSPREFIX = tom;
				LastUpgradeCheck = 0460;
				ORGANIZATIONNAME = Tommy;
			};
			buildConfigurationList = 6567F4801744C4CA009062B0 /* Build configuration list for PBXProject "TableViewDemo" */;
			compatibilityVersion = "Xcode 3.2";
			developmentRegion = English;
			hasScannedForEncodings = 0;
			knownRegions = (
				en,
			);
			mainGroup = 6567F47C1744C4CA009062B0;
			productRefGroup = 6567F4861744C4CA009062B0 /* Products */;
			projectDirPath = "";
			projectRoot = "";
			targets = (
				6567F4841744C4CA009062B0 /* TableViewDemo */,
			);
		};
/* End PBXProject section */

/* Begin PBXResourcesBuildPhase section */
		6567F4831744C4CA009062B0 /* Resources */ = {
			isa = PBXResourcesBuildPhase;
			buildActionMask = 2147483647;
			files = (
				6567F4931744C4CA009062B0 /* InfoPlist.strings in Resources */,
				6567F49B1744C4CA009062B0 /* Default.png in Resources */,
				6567F49D1744C4CA009062B0 /* Default@2x.png in Resources */,
				6567F49F1744C4CA009062B0 /* Default-568h@2x.png in Resources */,
				6567F4A91744CEC0009062B0 /* RootView.xib in Resources */,
				6567F4AE1744DBFF009062B0 /* tomTableViewController.xib in Resources */,
				6567F4B31744DDF0009062B0 /* tomxxxTableViewController.xib in Resources */,
			);
			runOnlyForDeploymentPostprocessing = 0;
		};
/* End PBXResourcesBuildPhase section */

/* Begin PBXSourcesBuildPhase section */
		6567F4811744C4CA009062B0 /* Sources */ = {
			isa = PBXSourcesBuildPhase;
			buildActionMask = 2147483647;
			files = (
				6567F4951744C4CA009062B0 /* main.m in Sources */,
				6567F4991744C4CA009062B0 /* tomAppDelegate.m in Sources */,
				6567F4A71744C520009062B0 /* tomRootViewController.m in Sources */,
				6567F4AD1744DBFF009062B0 /* tomTableViewController.m in Sources */,
				6567F4B21744DDF0009062B0 /* tomxxxTableViewController.m in Sources */,
			);
			runOnlyForDeploymentPostprocessing = 0;
		};
/* End PBXSourcesBuildPhase section */

/* Begin PBXVariantGroup section */
		6567F4911744C4CA009062B0 /* InfoPlist.strings */ = {
			isa = PBXVariantGroup;
			children = (
				6567F4921744C4CA009062B0 /* en */,
			);
			name = InfoPlist.strings;
			sourceTree = "<group>";
		};
/* End PBXVariantGroup section */

/* Begin XCBuildConfiguration section */
		6567F4A01744C4CA009062B0 /* Debug */ = {
			isa = XCBuildConfiguration;
			buildSettings = {
				ALWAYS_SEARCH_USER_PATHS = NO;
				CLANG_CXX_LANGUAGE_STANDARD = "gnu++0x";
				CLANG_CXX_LIBRARY = "libc++";
				CLANG_WARN_CONSTANT_CONVERSION = YES;
				CLANG_WARN_EMPTY_BODY = YES;
				CLANG_WARN_ENUM_CONVERSION = YES;
				CLANG_WARN_INT_CONVERSION = YES;
				CLANG_WARN__DUPLICATE_METHOD_MATCH = YES;
				"CODE_SIGN_IDENTITY[sdk=iphoneos*]" = "iPhone Developer";
				COPY_PHASE_STRIP = NO;
				GCC_C_LANGUAGE_STANDARD = gnu99;
				GCC_DYNAMIC_NO_PIC = NO;
				GCC_OPTIMIZATION_LEVEL = 0;
				GCC_PREPROCESSOR_DEFINITIONS = (
					"DEBUG=1",
					"$(inherited)",
				);
				GCC_SYMBOLS_PRIVATE_EXTERN = NO;
				GCC_WARN_ABOUT_RETURN_TYPE = YES;
				GCC_WARN_UNINITIALIZED_AUTOS = YES;
				GCC_WARN_UNUSED_VARIABLE = YES;
				IPHONEOS_DEPLOYMENT_TARGET = 6.1;
				ONLY_ACTIVE_ARCH = YES;
				SDKROOT = iphoneos;
			};
			name = Debug;
		};
		6567F4A11744C4CA009062B0 /* Release */ = {
			isa = XCBuildConfiguration;
			buildSettings = {
				ALWAYS_SEARCH_USER_PATHS = NO;
				CLANG_CXX_LANGUAGE_STANDARD = "gnu++0x";
				CLANG_CXX_LIBRARY = "libc++";
				CLANG_WARN_CONSTANT_CONVERSION = YES;
				CLANG_WARN_EMPTY_BODY = YES;
				CLANG_WARN_ENUM_CONVERSION = YES;
				CLANG_WARN_INT_CONVERSION = YES;
				CLANG_WARN__DUPLICATE_METHOD_MATCH = YES;
				"CODE_SIGN_IDENTITY[sdk=iphoneos*]" = "iPhone Developer";
				COPY_PHASE_STRIP = YES;
				GCC_C_LANGUAGE_STANDARD = gnu99;
				GCC_WARN_ABOUT_RETURN_TYPE = YES;
				GCC_WARN_UNINITIALIZED_AUTOS = YES;
				GCC_WARN_UNUSED_VARIABLE = YES;
				IPHONEOS_DEPLOYMENT_TARGET = 6.1;
				OTHER_CFLAGS = "-DNS_BLOCK_ASSERTIONS=1";
				SDKROOT = iphoneos;
				VALIDATE_PRODUCT = YES;
			};
			name = Release;
		};
		6567F4A31744C4CA009062B0 /* Debug */ = {
			isa = XCBuildConfiguration;
			buildSettings = {
				GCC_PRECOMPILE_PREFIX_HEADER = YES;
				GCC_PREFIX_HEADER = "TableViewDemo/TableViewDemo-Prefix.pch";
				INFOPLIST_FILE = "TableViewDemo/TableViewDemo-Info.plist";
				PRODUCT_NAME = "$(TARGET_NAME)";
				WRAPPER_EXTENSION = app;
			};
			name = Debug;
		};
		6567F4A41744C4CA009062B0 /* Release */ = {
			isa = XCBuildConfiguration;
			buildSettings = {
				GCC_PRECOMPILE_PREFIX_HEADER = YES;
				GCC_PREFIX_HEADER = "TableViewDemo/TableViewDemo-Prefix.pch";
				INFOPLIST_FILE = "TableViewDemo/TableViewDemo-Info.plist";
				PRODUCT_NAME = "$(TARGET_NAME)";
				WRAPPER_EXTENSION = app;
			};
			name = Release;
		};
/* End XCBuildConfiguration section */

/* Begin XCConfigurationList section */
		6567F4801744C4CA009062B0 /* Build configuration list for PBXProject "TableViewDemo" */ = {
			isa = XCConfigurationList;
			buildConfigurations = (
				6567F4A01744C4CA009062B0 /* Debug */,
				6567F4A11744C4CA009062B0 /* Release */,
			);
			defaultConfigurationIsVisible = 0;
			defaultConfigurationName = Release;
		};
		6567F4A21744C4CA009062B0 /* Build configuration list for PBXNativeTarget "TableViewDemo" */ = {
			isa = XCConfigurationList;
			buildConfigurations = (
				6567F4A31744C4CA009062B0 /* Debug */,
				6567F4A41744C4CA009062B0 /* Release */,
			);
			defaultConfigurationIsVisible = 0;
			defaultConfigurationName = Release;
		};
/* End XCConfigurationList section */
	};
	rootObject = 6567F47D1744C4CA009062B0 /* Project object */;
}
