// !$*UTF8*$!
{
	archiveVersion = 1;
	classes = {
	};
	objectVersion = 46;
	objects = {

/* Begin PBXBuildFile section */
		658DE069174269B900E4DF10 /* UIKit.framework in Frameworks */ = {isa = PBXBuildFile; fileRef = 658DE068174269B900E4DF10 /* UIKit.framework */; };
		658DE06B174269B900E4DF10 /* Foundation.framework in Frameworks */ = {isa = PBXBuildFile; fileRef = 658DE06A174269B900E4DF10 /* Foundation.framework */; };
		658DE06D174269B900E4DF10 /* CoreGraphics.framework in Frameworks */ = {isa = PBXBuildFile; fileRef = 658DE06C174269B900E4DF10 /* CoreGraphics.framework */; };
		658DE073174269B900E4DF10 /* InfoPlist.strings in Resources */ = {isa = PBXBuildFile; fileRef = 658DE071174269B900E4DF10 /* InfoPlist.strings */; };
		658DE075174269B900E4DF10 /* main.m in Sources */ = {isa = PBXBuildFile; fileRef = 658DE074174269B900E4DF10 /* main.m */; };
		658DE079174269B900E4DF10 /* tomAppDelegate.m in Sources */ = {isa = PBXBuildFile; fileRef = 658DE078174269B900E4DF10 /* tomAppDelegate.m */; };
		658DE07B174269B900E4DF10 /* Default.png in Resources */ = {isa = PBXBuildFile; fileRef = 658DE07A174269B900E4DF10 /* Default.png */; };
		658DE07D174269B900E4DF10 /* Default@2x.png in Resources */ = {isa = PBXBuildFile; fileRef = 658DE07C174269B900E4DF10 /* Default@2x.png */; };
		658DE07F174269B900E4DF10 /* Default-568h@2x.png in Resources */ = {isa = PBXBuildFile; fileRef = 658DE07E174269B900E4DF10 /* Default-568h@2x.png */; };
		658DE082174269B900E4DF10 /* tomViewController.m in Sources */ = {isa = PBXBuildFile; fileRef = 658DE081174269B900E4DF10 /* tomViewController.m */; };
		658DE085174269B900E4DF10 /* tomViewController.xib in Resources */ = {isa = PBXBuildFile; fileRef = 658DE083174269B900E4DF10 /* tomViewController.xib */; };
/* End PBXBuildFile section */

/* Begin PBXFileReference section */
		658DE065174269B900E4DF10 /* view.app */ = {isa = PBXFileReference; explicitFileType = wrapper.application; includeInIndex = 0; path = view.app; sourceTree = BUILT_PRODUCTS_DIR; };
		658DE068174269B900E4DF10 /* UIKit.framework */ = {isa = PBXFileReference; lastKnownFileType = wrapper.framework; name = UIKit.framework; path = System/Library/Frameworks/UIKit.framework; sourceTree = SDKROOT; };
		658DE06A174269B900E4DF10 /* Foundation.framework */ = {isa = PBXFileReference; lastKnownFileType = wrapper.framework; name = Foundation.framework; path = System/Library/Frameworks/Foundation.framework; sourceTree = SDKROOT; };
		658DE06C174269B900E4DF10 /* CoreGraphics.framework */ = {isa = PBXFileReference; lastKnownFileType = wrapper.framework; name = CoreGraphics.framework; path = System/Library/Frameworks/CoreGraphics.framework; sourceTree = SDKROOT; };
		658DE070174269B900E4DF10 /* view-Info.plist */ = {isa = PBXFileReference; lastKnownFileType = text.plist.xml; path = "view-Info.plist"; sourceTree = "<group>"; };
		658DE072174269B900E4DF10 /* en */ = {isa = PBXFileReference; lastKnownFileType = text.plist.strings; name = en; path = en.lproj/InfoPlist.strings; sourceTree = "<group>"; };
		658DE074174269B900E4DF10 /* main.m */ = {isa = PBXFileReference; lastKnownFileType = sourcecode.c.objc; path = main.m; sourceTree = "<group>"; };
		658DE076174269B900E4DF10 /* view-Prefix.pch */ = {isa = PBXFileReference; lastKnownFileType = sourcecode.c.h; path = "view-Prefix.pch"; sourceTree = "<group>"; };
		658DE077174269B900E4DF10 /* tomAppDelegate.h */ = {isa = PBXFileReference; lastKnownFileType = sourcecode.c.h; path = tomAppDelegate.h; sourceTree = "<group>"; };
		658DE078174269B900E4DF10 /* tomAppDelegate.m */ = {isa = PBXFileReference; lastKnownFileType = sourcecode.c.objc; path = tomAppDelegate.m; sourceTree = "<group>"; };
		658DE07A174269B900E4DF10 /* Default.png */ = {isa = PBXFileReference; lastKnownFileType = image.png; path = Default.png; sourceTree = "<group>"; };
		658DE07C174269B900E4DF10 /* Default@2x.png */ = {isa = PBXFileReference; lastKnownFileType = image.png; path = "Default@2x.png"; sourceTree = "<group>"; };
		658DE07E174269B900E4DF10 /* Default-568h@2x.png */ = {isa = PBXFileReference; lastKnownFileType = image.png; path = "Default-568h@2x.png"; sourceTree = "<group>"; };
		658DE080174269B900E4DF10 /* tomViewController.h */ = {isa = PBXFileReference; lastKnownFileType = sourcecode.c.h; path = tomViewController.h; sourceTree = "<group>"; };
		658DE081174269B900E4DF10 /* tomViewController.m */ = {isa = PBXFileReference; lastKnownFileType = sourcecode.c.objc; path = tomViewController.m; sourceTree = "<group>"; };
		658DE084174269B900E4DF10 /* en */ = {isa = PBXFileReference; lastKnownFileType = file.xib; name = en; path = en.lproj/tomViewController.xib; sourceTree = "<group>"; };
/* End PBXFileReference section */

/* Begin PBXFrameworksBuildPhase section */
		658DE062174269B900E4DF10 /* Frameworks */ = {
			isa = PBXFrameworksBuildPhase;
			buildActionMask = 2147483647;
			files = (
				658DE069174269B900E4DF10 /* UIKit.framework in Frameworks */,
				658DE06B174269B900E4DF10 /* Foundation.framework in Frameworks */,
				658DE06D174269B900E4DF10 /* CoreGraphics.framework in Frameworks */,
			);
			runOnlyForDeploymentPostprocessing = 0;
		};
/* End PBXFrameworksBuildPhase section */

/* Begin PBXGroup section */
		658DE05C174269B900E4DF10 = {
			isa = PBXGroup;
			children = (
				658DE06E174269B900E4DF10 /* view */,
				658DE067174269B900E4DF10 /* Frameworks */,
				658DE066174269B900E4DF10 /* Products */,
			);
			sourceTree = "<group>";
		};
		658DE066174269B900E4DF10 /* Products */ = {
			isa = PBXGroup;
			children = (
				658DE065174269B900E4DF10 /* view.app */,
			);
			name = Products;
			sourceTree = "<group>";
		};
		658DE067174269B900E4DF10 /* Frameworks */ = {
			isa = PBXGroup;
			children = (
				658DE068174269B900E4DF10 /* UIKit.framework */,
				658DE06A174269B900E4DF10 /* Foundation.framework */,
				658DE06C174269B900E4DF10 /* CoreGraphics.framework */,
			);
			name = Frameworks;
			sourceTree = "<group>";
		};
		658DE06E174269B900E4DF10 /* view */ = {
			isa = PBXGroup;
			children = (
				658DE077174269B900E4DF10 /* tomAppDelegate.h */,
				658DE078174269B900E4DF10 /* tomAppDelegate.m */,
				658DE080174269B900E4DF10 /* tomViewController.h */,
				658DE081174269B900E4DF10 /* tomViewController.m */,
				658DE083174269B900E4DF10 /* tomViewController.xib */,
				658DE06F174269B900E4DF10 /* Supporting Files */,
			);
			path = view;
			sourceTree = "<group>";
		};
		658DE06F174269B900E4DF10 /* Supporting Files */ = {
			isa = PBXGroup;
			children = (
				658DE070174269B900E4DF10 /* view-Info.plist */,
				658DE071174269B900E4DF10 /* InfoPlist.strings */,
				658DE074174269B900E4DF10 /* main.m */,
				658DE076174269B900E4DF10 /* view-Prefix.pch */,
				658DE07A174269B900E4DF10 /* Default.png */,
				658DE07C174269B900E4DF10 /* Default@2x.png */,
				658DE07E174269B900E4DF10 /* Default-568h@2x.png */,
			);
			name = "Supporting Files";
			sourceTree = "<group>";
		};
/* End PBXGroup section */

/* Begin PBXNativeTarget section */
		658DE064174269B900E4DF10 /* view */ = {
			isa = PBXNativeTarget;
			buildConfigurationList = 658DE088174269B900E4DF10 /* Build configuration list for PBXNativeTarget "view" */;
			buildPhases = (
				658DE061174269B900E4DF10 /* Sources */,
				658DE062174269B900E4DF10 /* Frameworks */,
				658DE063174269B900E4DF10 /* Resources */,
			);
			buildRules = (
			);
			dependencies = (
			);
			name = view;
			productName = view;
			productReference = 658DE065174269B900E4DF10 /* view.app */;
			productType = "com.apple.product-type.application";
		};
/* End PBXNativeTarget section */

/* Begin PBXProject section */
		658DE05D174269B900E4DF10 /* Project object */ = {
			isa = PBXProject;
			attributes = {
				CLASSPREFIX = tom;
				LastUpgradeCheck = 0460;
				ORGANIZATIONNAME = Tommy;
			};
			buildConfigurationList = 658DE060174269B900E4DF10 /* Build configuration list for PBXProject "view" */;
			compatibilityVersion = "Xcode 3.2";
			developmentRegion = English;
			hasScannedForEncodings = 0;
			knownRegions = (
				en,
			);
			mainGroup = 658DE05C174269B900E4DF10;
			productRefGroup = 658DE066174269B900E4DF10 /* Products */;
			projectDirPath = "";
			projectRoot = "";
			targets = (
				658DE064174269B900E4DF10 /* view */,
			);
		};
/* End PBXProject section */

/* Begin PBXResourcesBuildPhase section */
		658DE063174269B900E4DF10 /* Resources */ = {
			isa = PBXResourcesBuildPhase;
			buildActionMask = 2147483647;
			files = (
				658DE073174269B900E4DF10 /* InfoPlist.strings in Resources */,
				658DE07B174269B900E4DF10 /* Default.png in Resources */,
				658DE07D174269B900E4DF10 /* Default@2x.png in Resources */,
				658DE07F174269B900E4DF10 /* Default-568h@2x.png in Resources */,
				658DE085174269B900E4DF10 /* tomViewController.xib in Resources */,
			);
			runOnlyForDeploymentPostprocessing = 0;
		};
/* End PBXResourcesBuildPhase section */

/* Begin PBXSourcesBuildPhase section */
		658DE061174269B900E4DF10 /* Sources */ = {
			isa = PBXSourcesBuildPhase;
			buildActionMask = 2147483647;
			files = (
				658DE075174269B900E4DF10 /* main.m in Sources */,
				658DE079174269B900E4DF10 /* tomAppDelegate.m in Sources */,
				658DE082174269B900E4DF10 /* tomViewController.m in Sources */,
			);
			runOnlyForDeploymentPostprocessing = 0;
		};
/* End PBXSourcesBuildPhase section */

/* Begin PBXVariantGroup section */
		658DE071174269B900E4DF10 /* InfoPlist.strings */ = {
			isa = PBXVariantGroup;
			children = (
				658DE072174269B900E4DF10 /* en */,
			);
			name = InfoPlist.strings;
			sourceTree = "<group>";
		};
		658DE083174269B900E4DF10 /* tomViewController.xib */ = {
			isa = PBXVariantGroup;
			children = (
				658DE084174269B900E4DF10 /* en */,
			);
			name = tomViewController.xib;
			sourceTree = "<group>";
		};
/* End PBXVariantGroup section */

/* Begin XCBuildConfiguration section */
		658DE086174269B900E4DF10 /* Debug */ = {
			isa = XCBuildConfiguration;
			buildSettings = {
				ALWAYS_SEARCH_USER_PATHS = NO;
				CLANG_CXX_LANGUAGE_STANDARD = "gnu++0x";
				CLANG_CXX_LIBRARY = "libc++";
				CLANG_WARN_CONSTANT_CONVERSION = YES;
				CLANG_WARN_EMPTY_BODY = YES;
				CLANG_WARN_ENUM_CONVERSION = YES;
				CLANG_WARN_INT_CONVERSION = YES;
				CLANG_WARN__DUPLICATE_METHOD_MATCH = YES;
				"CODE_SIGN_IDENTITY[sdk=iphoneos*]" = "iPhone Developer";
				COPY_PHASE_STRIP = NO;
				GCC_C_LANGUAGE_STANDARD = gnu99;
				GCC_DYNAMIC_NO_PIC = NO;
				GCC_OPTIMIZATION_LEVEL = 0;
				GCC_PREPROCESSOR_DEFINITIONS = (
					"DEBUG=1",
					"$(inherited)",
				);
				GCC_SYMBOLS_PRIVATE_EXTERN = NO;
				GCC_WARN_ABOUT_RETURN_TYPE = YES;
				GCC_WARN_UNINITIALIZED_AUTOS = YES;
				GCC_WARN_UNUSED_VARIABLE = YES;
				IPHONEOS_DEPLOYMENT_TARGET = 6.1;
				ONLY_ACTIVE_ARCH = YES;
				SDKROOT = iphoneos;
			};
			name = Debug;
		};
		658DE087174269B900E4DF10 /* Release */ = {
			isa = XCBuildConfiguration;
			buildSettings = {
				ALWAYS_SEARCH_USER_PATHS = NO;
				CLANG_CXX_LANGUAGE_STANDARD = "gnu++0x";
				CLANG_CXX_LIBRARY = "libc++";
				CLANG_WARN_CONSTANT_CONVERSION = YES;
				CLANG_WARN_EMPTY_BODY = YES;
				CLANG_WARN_ENUM_CONVERSION = YES;
				CLANG_WARN_INT_CONVERSION = YES;
				CLANG_WARN__DUPLICATE_METHOD_MATCH = YES;
				"CODE_SIGN_IDENTITY[sdk=iphoneos*]" = "iPhone Developer";
				COPY_PHASE_STRIP = YES;
				GCC_C_LANGUAGE_STANDARD = gnu99;
				GCC_WARN_ABOUT_RETURN_TYPE = YES;
				GCC_WARN_UNINITIALIZED_AUTOS = YES;
				GCC_WARN_UNUSED_VARIABLE = YES;
				IPHONEOS_DEPLOYMENT_TARGET = 6.1;
				OTHER_CFLAGS = "-DNS_BLOCK_ASSERTIONS=1";
				SDKROOT = iphoneos;
				VALIDATE_PRODUCT = YES;
			};
			name = Release;
		};
		658DE089174269B900E4DF10 /* Debug */ = {
			isa = XCBuildConfiguration;
			buildSettings = {
				GCC_PRECOMPILE_PREFIX_HEADER = YES;
				GCC_PREFIX_HEADER = "view/view-Prefix.pch";
				INFOPLIST_FILE = "view/view-Info.plist";
				PRODUCT_NAME = "$(TARGET_NAME)";
				WRAPPER_EXTENSION = app;
			};
			name = Debug;
		};
		658DE08A174269B900E4DF10 /* Release */ = {
			isa = XCBuildConfiguration;
			buildSettings = {
				GCC_PRECOMPILE_PREFIX_HEADER = YES;
				GCC_PREFIX_HEADER = "view/view-Prefix.pch";
				INFOPLIST_FILE = "view/view-Info.plist";
				PRODUCT_NAME = "$(TARGET_NAME)";
				WRAPPER_EXTENSION = app;
			};
			name = Release;
		};
/* End XCBuildConfiguration section */

/* Begin XCConfigurationList section */
		658DE060174269B900E4DF10 /* Build configuration list for PBXProject "view" */ = {
			isa = XCConfigurationList;
			buildConfigurations = (
				658DE086174269B900E4DF10 /* Debug */,
				658DE087174269B900E4DF10 /* Release */,
			);
			defaultConfigurationIsVisible = 0;
			defaultConfigurationName = Release;
		};
		658DE088174269B900E4DF10 /* Build configuration list for PBXNativeTarget "view" */ = {
			isa = XCConfigurationList;
			buildConfigurations = (
				658DE089174269B900E4DF10 /* Debug */,
				658DE08A174269B900E4DF10 /* Release */,
			);
			defaultConfigurationIsVisible = 0;
		};
/* End XCConfigurationList section */
	};
	rootObject = 658DE05D174269B900E4DF10 /* Project object */;
}
