// !$*UTF8*$!
{
	archiveVersion = 1;
	classes = {
	};
	objectVersion = 46;
	objects = {

/* Begin PBXBuildFile section */
		6531D484174A065700540148 /* LogisticsViewController.m in Sources */ = {isa = PBXBuildFile; fileRef = 6531D482174A065700540148 /* LogisticsViewController.m */; };
		6531D485174A065700540148 /* LogisticsViewController.xib in Resources */ = {isa = PBXBuildFile; fileRef = 6531D483174A065700540148 /* LogisticsViewController.xib */; };
		6531D487174A0A8000540148 /* 2013.png in Resources */ = {isa = PBXBuildFile; fileRef = 6531D486174A0A8000540148 /* 2013.png */; };
		6531D48D174A18AF00540148 /* backbutton@2x.png in Resources */ = {isa = PBXBuildFile; fileRef = 6531D488174A18AF00540148 /* backbutton@2x.png */; };
		6531D48E174A18AF00540148 /* indexbutton@2x.png in Resources */ = {isa = PBXBuildFile; fileRef = 6531D489174A18AF00540148 /* indexbutton@2x.png */; };
		6531D48F174A18AF00540148 /* nav@2x.png in Resources */ = {isa = PBXBuildFile; fileRef = 6531D48A174A18AF00540148 /* nav@2x.png */; };
		6531D490174A18AF00540148 /* right_off@2x.png in Resources */ = {isa = PBXBuildFile; fileRef = 6531D48B174A18AF00540148 /* right_off@2x.png */; };
		6531D491174A18AF00540148 /* right_on@2x.png in Resources */ = {isa = PBXBuildFile; fileRef = 6531D48C174A18AF00540148 /* right_on@2x.png */; };
		6531D494174A1F3300540148 /* tomCustomTableView.m in Sources */ = {isa = PBXBuildFile; fileRef = 6531D493174A1F3300540148 /* tomCustomTableView.m */; };
		6531D49A174A36CD00540148 /* tomCustomTableCell.m in Sources */ = {isa = PBXBuildFile; fileRef = 6531D499174A36CD00540148 /* tomCustomTableCell.m */; };
		6531D4AA174B08FE00540148 /* tomWuliuCustomTableViewController.m in Sources */ = {isa = PBXBuildFile; fileRef = 6531D4A9174B08FE00540148 /* tomWuliuCustomTableViewController.m */; };
		6531D4C0174B107C00540148 /* tomDetailLogisticsViewController.m in Sources */ = {isa = PBXBuildFile; fileRef = 6531D4BE174B107C00540148 /* tomDetailLogisticsViewController.m */; };
		6531D4C1174B107C00540148 /* tomDetailLogisticsViewController.xib in Resources */ = {isa = PBXBuildFile; fileRef = 6531D4BF174B107C00540148 /* tomDetailLogisticsViewController.xib */; };
		6531D4C4174B10D100540148 /* tomCustomDetailHeaderView.m in Sources */ = {isa = PBXBuildFile; fileRef = 6531D4C3174B10D100540148 /* tomCustomDetailHeaderView.m */; };
		6531D4C7174B18F100540148 /* tomLogisticsTableCell.m in Sources */ = {isa = PBXBuildFile; fileRef = 6531D4C6174B18F100540148 /* tomLogisticsTableCell.m */; };
		6531D4CA174B192400540148 /* tomDetailLogisticsTableViewController.m in Sources */ = {isa = PBXBuildFile; fileRef = 6531D4C9174B192400540148 /* tomDetailLogisticsTableViewController.m */; };
		6531D4CC174B7CA400540148 /* 11.png in Resources */ = {isa = PBXBuildFile; fileRef = 6531D4CB174B7CA400540148 /* 11.png */; };
		6531D4CE174B866800540148 /* bg.png in Resources */ = {isa = PBXBuildFile; fileRef = 6531D4CD174B866800540148 /* bg.png */; };
		65673651174DE0520053EF9E /* allow2icon@2x.png in Resources */ = {isa = PBXBuildFile; fileRef = 65673650174DE0520053EF9E /* allow2icon@2x.png */; };
		656A1074174CA9B800E18329 /* icon1_off@2x.png in Resources */ = {isa = PBXBuildFile; fileRef = 656A106C174CA9B800E18329 /* icon1_off@2x.png */; };
		656A1075174CA9B800E18329 /* icon1_on@2x.png in Resources */ = {isa = PBXBuildFile; fileRef = 656A106D174CA9B800E18329 /* icon1_on@2x.png */; };
		656A1076174CA9B800E18329 /* icon2_off@2x.png in Resources */ = {isa = PBXBuildFile; fileRef = 656A106E174CA9B800E18329 /* icon2_off@2x.png */; };
		656A1077174CA9B800E18329 /* icon2_on@2x.png in Resources */ = {isa = PBXBuildFile; fileRef = 656A106F174CA9B800E18329 /* icon2_on@2x.png */; };
		656A1078174CA9B800E18329 /* icon3_off@2x.png in Resources */ = {isa = PBXBuildFile; fileRef = 656A1070174CA9B800E18329 /* icon3_off@2x.png */; };
		656A1079174CA9B800E18329 /* icon3_on@2x.png in Resources */ = {isa = PBXBuildFile; fileRef = 656A1071174CA9B800E18329 /* icon3_on@2x.png */; };
		656A107A174CA9B800E18329 /* icon4_off@2x.png in Resources */ = {isa = PBXBuildFile; fileRef = 656A1072174CA9B800E18329 /* icon4_off@2x.png */; };
		656A107B174CA9B800E18329 /* icon4_on@2x.png in Resources */ = {isa = PBXBuildFile; fileRef = 656A1073174CA9B800E18329 /* icon4_on@2x.png */; };
		656A107E174CA9C700E18329 /* top_bg@2x.png in Resources */ = {isa = PBXBuildFile; fileRef = 656A107C174CA9C700E18329 /* top_bg@2x.png */; };
		656A107F174CA9C700E18329 /* transportationicon@2x.png in Resources */ = {isa = PBXBuildFile; fileRef = 656A107D174CA9C700E18329 /* transportationicon@2x.png */; };
		656A1086174CAA0100E18329 /* content_bg2@2x.png in Resources */ = {isa = PBXBuildFile; fileRef = 656A1080174CAA0100E18329 /* content_bg2@2x.png */; };
		656A1087174CAA0100E18329 /* InfoPlist.strings in Resources */ = {isa = PBXBuildFile; fileRef = 656A1082174CAA0100E18329 /* InfoPlist.strings */; };
		656A1088174CAA0100E18329 /* line@2x.png in Resources */ = {isa = PBXBuildFile; fileRef = 656A1084174CAA0100E18329 /* line@2x.png */; };
		656A1089174CAA0100E18329 /* sgin@2x.png in Resources */ = {isa = PBXBuildFile; fileRef = 656A1085174CAA0100E18329 /* sgin@2x.png */; };
		656A108D174CAAA600E18329 /* tomLogisticsViewController.m in Sources */ = {isa = PBXBuildFile; fileRef = 656A108B174CAAA600E18329 /* tomLogisticsViewController.m */; };
		656A108E174CAAA600E18329 /* tomLogisticsViewController.xib in Resources */ = {isa = PBXBuildFile; fileRef = 656A108C174CAAA600E18329 /* tomLogisticsViewController.xib */; };
		656A1091174CBFC400E18329 /* LogisticsTableViewController.m in Sources */ = {isa = PBXBuildFile; fileRef = 656A1090174CBFC400E18329 /* LogisticsTableViewController.m */; };
		656A1094174CC40300E18329 /* LogisticsOrderTableCell.m in Sources */ = {isa = PBXBuildFile; fileRef = 656A1093174CC40300E18329 /* LogisticsOrderTableCell.m */; };
		656E728A1745CD07001DCA0C /* UIKit.framework in Frameworks */ = {isa = PBXBuildFile; fileRef = 656E72891745CD07001DCA0C /* UIKit.framework */; };
		656E728C1745CD07001DCA0C /* Foundation.framework in Frameworks */ = {isa = PBXBuildFile; fileRef = 656E728B1745CD07001DCA0C /* Foundation.framework */; };
		656E728E1745CD07001DCA0C /* CoreGraphics.framework in Frameworks */ = {isa = PBXBuildFile; fileRef = 656E728D1745CD07001DCA0C /* CoreGraphics.framework */; };
		656E72941745CD07001DCA0C /* InfoPlist.strings in Resources */ = {isa = PBXBuildFile; fileRef = 656E72921745CD07001DCA0C /* InfoPlist.strings */; };
		656E72961745CD07001DCA0C /* main.m in Sources */ = {isa = PBXBuildFile; fileRef = 656E72951745CD07001DCA0C /* main.m */; };
		656E729A1745CD07001DCA0C /* tomAppDelegate.m in Sources */ = {isa = PBXBuildFile; fileRef = 656E72991745CD07001DCA0C /* tomAppDelegate.m */; };
		656E729C1745CD07001DCA0C /* Default.png in Resources */ = {isa = PBXBuildFile; fileRef = 656E729B1745CD07001DCA0C /* Default.png */; };
		656E729E1745CD07001DCA0C /* Default@2x.png in Resources */ = {isa = PBXBuildFile; fileRef = 656E729D1745CD07001DCA0C /* Default@2x.png */; };
		656E72A01745CD07001DCA0C /* Default-568h@2x.png in Resources */ = {isa = PBXBuildFile; fileRef = 656E729F1745CD07001DCA0C /* Default-568h@2x.png */; };
		656E72A71745D298001DCA0C /* NavViewController.xib in Resources */ = {isa = PBXBuildFile; fileRef = 656E72A61745D298001DCA0C /* NavViewController.xib */; };
		656E72AD1745D9AA001DCA0C /* tomNavViewController.m in Sources */ = {isa = PBXBuildFile; fileRef = 656E72AC1745D9AA001DCA0C /* tomNavViewController.m */; };
		656E72B91745DC51001DCA0C /* tomTablePlainViewController.m in Sources */ = {isa = PBXBuildFile; fileRef = 656E72B71745DC51001DCA0C /* tomTablePlainViewController.m */; };
		656E72BA1745DC51001DCA0C /* tomTablePlainViewController.xib in Resources */ = {isa = PBXBuildFile; fileRef = 656E72B81745DC51001DCA0C /* tomTablePlainViewController.xib */; };
		656E72BE1745DD2C001DCA0C /* tomTableGroupViewController.m in Sources */ = {isa = PBXBuildFile; fileRef = 656E72BC1745DD2C001DCA0C /* tomTableGroupViewController.m */; };
		656E72BF1745DD2C001DCA0C /* tomTableGroupViewController.xib in Resources */ = {isa = PBXBuildFile; fileRef = 656E72BD1745DD2C001DCA0C /* tomTableGroupViewController.xib */; };
		656E72C31745DF6E001DCA0C /* tomMainViewController.m in Sources */ = {isa = PBXBuildFile; fileRef = 656E72C11745DF6E001DCA0C /* tomMainViewController.m */; };
		656E72C41745DF6E001DCA0C /* tomMainViewController.xib in Resources */ = {isa = PBXBuildFile; fileRef = 656E72C21745DF6E001DCA0C /* tomMainViewController.xib */; };
		656E72C717462967001DCA0C /* tomTableDataModel.m in Sources */ = {isa = PBXBuildFile; fileRef = 656E72C617462967001DCA0C /* tomTableDataModel.m */; };
		656E72C917462F4E001DCA0C /* data.plist in Resources */ = {isa = PBXBuildFile; fileRef = 656E72C817462F4E001DCA0C /* data.plist */; };
/* End PBXBuildFile section */

/* Begin PBXFileReference section */
		6531D481174A065700540148 /* LogisticsViewController.h */ = {isa = PBXFileReference; fileEncoding = 4; lastKnownFileType = sourcecode.c.h; path = LogisticsViewController.h; sourceTree = "<group>"; };
		6531D482174A065700540148 /* LogisticsViewController.m */ = {isa = PBXFileReference; fileEncoding = 4; lastKnownFileType = sourcecode.c.objc; path = LogisticsViewController.m; sourceTree = "<group>"; };
		6531D483174A065700540148 /* LogisticsViewController.xib */ = {isa = PBXFileReference; fileEncoding = 4; lastKnownFileType = file.xib; path = LogisticsViewController.xib; sourceTree = "<group>"; };
		6531D486174A0A8000540148 /* 2013.png */ = {isa = PBXFileReference; lastKnownFileType = image.png; path = 2013.png; sourceTree = "<group>"; };
		6531D488174A18AF00540148 /* backbutton@2x.png */ = {isa = PBXFileReference; lastKnownFileType = image.png; path = "backbutton@2x.png"; sourceTree = "<group>"; };
		6531D489174A18AF00540148 /* indexbutton@2x.png */ = {isa = PBXFileReference; lastKnownFileType = image.png; path = "indexbutton@2x.png"; sourceTree = "<group>"; };
		6531D48A174A18AF00540148 /* nav@2x.png */ = {isa = PBXFileReference; lastKnownFileType = image.png; path = "nav@2x.png"; sourceTree = "<group>"; };
		6531D48B174A18AF00540148 /* right_off@2x.png */ = {isa = PBXFileReference; lastKnownFileType = image.png; path = "right_off@2x.png"; sourceTree = "<group>"; };
		6531D48C174A18AF00540148 /* right_on@2x.png */ = {isa = PBXFileReference; lastKnownFileType = image.png; path = "right_on@2x.png"; sourceTree = "<group>"; };
		6531D492174A1F3300540148 /* tomCustomTableView.h */ = {isa = PBXFileReference; fileEncoding = 4; lastKnownFileType = sourcecode.c.h; path = tomCustomTableView.h; sourceTree = "<group>"; };
		6531D493174A1F3300540148 /* tomCustomTableView.m */ = {isa = PBXFileReference; fileEncoding = 4; lastKnownFileType = sourcecode.c.objc; path = tomCustomTableView.m; sourceTree = "<group>"; };
		6531D498174A36CD00540148 /* tomCustomTableCell.h */ = {isa = PBXFileReference; fileEncoding = 4; lastKnownFileType = sourcecode.c.h; path = tomCustomTableCell.h; sourceTree = "<group>"; };
		6531D499174A36CD00540148 /* tomCustomTableCell.m */ = {isa = PBXFileReference; fileEncoding = 4; lastKnownFileType = sourcecode.c.objc; path = tomCustomTableCell.m; sourceTree = "<group>"; };
		6531D4A8174B08FE00540148 /* tomWuliuCustomTableViewController.h */ = {isa = PBXFileReference; fileEncoding = 4; lastKnownFileType = sourcecode.c.h; path = tomWuliuCustomTableViewController.h; sourceTree = "<group>"; };
		6531D4A9174B08FE00540148 /* tomWuliuCustomTableViewController.m */ = {isa = PBXFileReference; fileEncoding = 4; lastKnownFileType = sourcecode.c.objc; path = tomWuliuCustomTableViewController.m; sourceTree = "<group>"; };
		6531D4BD174B107C00540148 /* tomDetailLogisticsViewController.h */ = {isa = PBXFileReference; fileEncoding = 4; lastKnownFileType = sourcecode.c.h; path = tomDetailLogisticsViewController.h; sourceTree = "<group>"; };
		6531D4BE174B107C00540148 /* tomDetailLogisticsViewController.m */ = {isa = PBXFileReference; fileEncoding = 4; lastKnownFileType = sourcecode.c.objc; path = tomDetailLogisticsViewController.m; sourceTree = "<group>"; };
		6531D4BF174B107C00540148 /* tomDetailLogisticsViewController.xib */ = {isa = PBXFileReference; fileEncoding = 4; lastKnownFileType = file.xib; path = tomDetailLogisticsViewController.xib; sourceTree = "<group>"; };
		6531D4C2174B10D100540148 /* tomCustomDetailHeaderView.h */ = {isa = PBXFileReference; fileEncoding = 4; lastKnownFileType = sourcecode.c.h; path = tomCustomDetailHeaderView.h; sourceTree = "<group>"; };
		6531D4C3174B10D100540148 /* tomCustomDetailHeaderView.m */ = {isa = PBXFileReference; fileEncoding = 4; lastKnownFileType = sourcecode.c.objc; path = tomCustomDetailHeaderView.m; sourceTree = "<group>"; };
		6531D4C5174B18F100540148 /* tomLogisticsTableCell.h */ = {isa = PBXFileReference; fileEncoding = 4; lastKnownFileType = sourcecode.c.h; path = tomLogisticsTableCell.h; sourceTree = "<group>"; };
		6531D4C6174B18F100540148 /* tomLogisticsTableCell.m */ = {isa = PBXFileReference; fileEncoding = 4; lastKnownFileType = sourcecode.c.objc; path = tomLogisticsTableCell.m; sourceTree = "<group>"; };
		6531D4C8174B192400540148 /* tomDetailLogisticsTableViewController.h */ = {isa = PBXFileReference; fileEncoding = 4; lastKnownFileType = sourcecode.c.h; path = tomDetailLogisticsTableViewController.h; sourceTree = "<group>"; };
		6531D4C9174B192400540148 /* tomDetailLogisticsTableViewController.m */ = {isa = PBXFileReference; fileEncoding = 4; lastKnownFileType = sourcecode.c.objc; path = tomDetailLogisticsTableViewController.m; sourceTree = "<group>"; };
		6531D4CB174B7CA400540148 /* 11.png */ = {isa = PBXFileReference; lastKnownFileType = image.png; path = 11.png; sourceTree = "<group>"; };
		6531D4CD174B866800540148 /* bg.png */ = {isa = PBXFileReference; lastKnownFileType = image.png; path = bg.png; sourceTree = "<group>"; };
		65673650174DE0520053EF9E /* allow2icon@2x.png */ = {isa = PBXFileReference; lastKnownFileType = image.png; path = "allow2icon@2x.png"; sourceTree = "<group>"; };
		656A106C174CA9B800E18329 /* icon1_off@2x.png */ = {isa = PBXFileReference; lastKnownFileType = image.png; path = "icon1_off@2x.png"; sourceTree = "<group>"; };
		656A106D174CA9B800E18329 /* icon1_on@2x.png */ = {isa = PBXFileReference; lastKnownFileType = image.png; path = "icon1_on@2x.png"; sourceTree = "<group>"; };
		656A106E174CA9B800E18329 /* icon2_off@2x.png */ = {isa = PBXFileReference; lastKnownFileType = image.png; path = "icon2_off@2x.png"; sourceTree = "<group>"; };
		656A106F174CA9B800E18329 /* icon2_on@2x.png */ = {isa = PBXFileReference; lastKnownFileType = image.png; path = "icon2_on@2x.png"; sourceTree = "<group>"; };
		656A1070174CA9B800E18329 /* icon3_off@2x.png */ = {isa = PBXFileReference; lastKnownFileType = image.png; path = "icon3_off@2x.png"; sourceTree = "<group>"; };
		656A1071174CA9B800E18329 /* icon3_on@2x.png */ = {isa = PBXFileReference; lastKnownFileType = image.png; path = "icon3_on@2x.png"; sourceTree = "<group>"; };
		656A1072174CA9B800E18329 /* icon4_off@2x.png */ = {isa = PBXFileReference; lastKnownFileType = image.png; path = "icon4_off@2x.png"; sourceTree = "<group>"; };
		656A1073174CA9B800E18329 /* icon4_on@2x.png */ = {isa = PBXFileReference; lastKnownFileType = image.png; path = "icon4_on@2x.png"; sourceTree = "<group>"; };
		656A107C174CA9C700E18329 /* top_bg@2x.png */ = {isa = PBXFileReference; lastKnownFileType = image.png; path = "top_bg@2x.png"; sourceTree = "<group>"; };
		656A107D174CA9C700E18329 /* transportationicon@2x.png */ = {isa = PBXFileReference; lastKnownFileType = image.png; path = "transportationicon@2x.png"; sourceTree = "<group>"; };
		656A1080174CAA0100E18329 /* content_bg2@2x.png */ = {isa = PBXFileReference; lastKnownFileType = image.png; name = "content_bg2@2x.png"; path = "NavTableView/content_bg2@2x.png"; sourceTree = "<group>"; };
		656A1083174CAA0100E18329 /* en */ = {isa = PBXFileReference; lastKnownFileType = text.plist.strings; name = en; path = InfoPlist.strings; sourceTree = "<group>"; };
		656A1084174CAA0100E18329 /* line@2x.png */ = {isa = PBXFileReference; lastKnownFileType = image.png; path = "line@2x.png"; sourceTree = "<group>"; };
		656A1085174CAA0100E18329 /* sgin@2x.png */ = {isa = PBXFileReference; lastKnownFileType = image.png; path = "sgin@2x.png"; sourceTree = "<group>"; };
		656A108A174CAAA600E18329 /* tomLogisticsViewController.h */ = {isa = PBXFileReference; fileEncoding = 4; lastKnownFileType = sourcecode.c.h; path = tomLogisticsViewController.h; sourceTree = "<group>"; };
		656A108B174CAAA600E18329 /* tomLogisticsViewController.m */ = {isa = PBXFileReference; fileEncoding = 4; lastKnownFileType = sourcecode.c.objc; path = tomLogisticsViewController.m; sourceTree = "<group>"; };
		656A108C174CAAA600E18329 /* tomLogisticsViewController.xib */ = {isa = PBXFileReference; fileEncoding = 4; lastKnownFileType = file.xib; path = tomLogisticsViewController.xib; sourceTree = "<group>"; };
		656A108F174CBFC400E18329 /* LogisticsTableViewController.h */ = {isa = PBXFileReference; fileEncoding = 4; lastKnownFileType = sourcecode.c.h; path = LogisticsTableViewController.h; sourceTree = "<group>"; };
		656A1090174CBFC400E18329 /* LogisticsTableViewController.m */ = {isa = PBXFileReference; fileEncoding = 4; lastKnownFileType = sourcecode.c.objc; path = LogisticsTableViewController.m; sourceTree = "<group>"; };
		656A1092174CC40300E18329 /* LogisticsOrderTableCell.h */ = {isa = PBXFileReference; fileEncoding = 4; lastKnownFileType = sourcecode.c.h; path = LogisticsOrderTableCell.h; sourceTree = "<group>"; };
		656A1093174CC40300E18329 /* LogisticsOrderTableCell.m */ = {isa = PBXFileReference; fileEncoding = 4; lastKnownFileType = sourcecode.c.objc; path = LogisticsOrderTableCell.m; sourceTree = "<group>"; };
		656E72861745CD07001DCA0C /* NavTableView.app */ = {isa = PBXFileReference; explicitFileType = wrapper.application; includeInIndex = 0; path = NavTableView.app; sourceTree = BUILT_PRODUCTS_DIR; };
		656E72891745CD07001DCA0C /* UIKit.framework */ = {isa = PBXFileReference; lastKnownFileType = wrapper.framework; name = UIKit.framework; path = System/Library/Frameworks/UIKit.framework; sourceTree = SDKROOT; };
		656E728B1745CD07001DCA0C /* Foundation.framework */ = {isa = PBXFileReference; lastKnownFileType = wrapper.framework; name = Foundation.framework; path = System/Library/Frameworks/Foundation.framework; sourceTree = SDKROOT; };
		656E728D1745CD07001DCA0C /* CoreGraphics.framework */ = {isa = PBXFileReference; lastKnownFileType = wrapper.framework; name = CoreGraphics.framework; path = System/Library/Frameworks/CoreGraphics.framework; sourceTree = SDKROOT; };
		656E72911745CD07001DCA0C /* NavTableView-Info.plist */ = {isa = PBXFileReference; lastKnownFileType = text.plist.xml; path = "NavTableView-Info.plist"; sourceTree = "<group>"; };
		656E72931745CD07001DCA0C /* en */ = {isa = PBXFileReference; lastKnownFileType = text.plist.strings; name = en; path = en.lproj/InfoPlist.strings; sourceTree = "<group>"; };
		656E72951745CD07001DCA0C /* main.m */ = {isa = PBXFileReference; lastKnownFileType = sourcecode.c.objc; path = main.m; sourceTree = "<group>"; };
		656E72971745CD07001DCA0C /* NavTableView-Prefix.pch */ = {isa = PBXFileReference; lastKnownFileType = sourcecode.c.h; path = "NavTableView-Prefix.pch"; sourceTree = "<group>"; };
		656E72981745CD07001DCA0C /* tomAppDelegate.h */ = {isa = PBXFileReference; lastKnownFileType = sourcecode.c.h; path = tomAppDelegate.h; sourceTree = "<group>"; };
		656E72991745CD07001DCA0C /* tomAppDelegate.m */ = {isa = PBXFileReference; lastKnownFileType = sourcecode.c.objc; path = tomAppDelegate.m; sourceTree = "<group>"; };
		656E729B1745CD07001DCA0C /* Default.png */ = {isa = PBXFileReference; lastKnownFileType = image.png; path = Default.png; sourceTree = "<group>"; };
		656E729D1745CD07001DCA0C /* Default@2x.png */ = {isa = PBXFileReference; lastKnownFileType = image.png; path = "Default@2x.png"; sourceTree = "<group>"; };
		656E729F1745CD07001DCA0C /* Default-568h@2x.png */ = {isa = PBXFileReference; lastKnownFileType = image.png; path = "Default-568h@2x.png"; sourceTree = "<group>"; };
		656E72A61745D298001DCA0C /* NavViewController.xib */ = {isa = PBXFileReference; fileEncoding = 4; lastKnownFileType = file.xib; path = NavViewController.xib; sourceTree = "<group>"; };
		656E72AB1745D9AA001DCA0C /* tomNavViewController.h */ = {isa = PBXFileReference; fileEncoding = 4; lastKnownFileType = sourcecode.c.h; path = tomNavViewController.h; sourceTree = "<group>"; };
		656E72AC1745D9AA001DCA0C /* tomNavViewController.m */ = {isa = PBXFileReference; fileEncoding = 4; lastKnownFileType = sourcecode.c.objc; path = tomNavViewController.m; sourceTree = "<group>"; };
		656E72B61745DC51001DCA0C /* tomTablePlainViewController.h */ = {isa = PBXFileReference; fileEncoding = 4; lastKnownFileType = sourcecode.c.h; path = tomTablePlainViewController.h; sourceTree = "<group>"; };
		656E72B71745DC51001DCA0C /* tomTablePlainViewController.m */ = {isa = PBXFileReference; fileEncoding = 4; lastKnownFileType = sourcecode.c.objc; path = tomTablePlainViewController.m; sourceTree = "<group>"; };
		656E72B81745DC51001DCA0C /* tomTablePlainViewController.xib */ = {isa = PBXFileReference; fileEncoding = 4; lastKnownFileType = file.xib; path = tomTablePlainViewController.xib; sourceTree = "<group>"; };
		656E72BB1745DD2C001DCA0C /* tomTableGroupViewController.h */ = {isa = PBXFileReference; fileEncoding = 4; lastKnownFileType = sourcecode.c.h; path = tomTableGroupViewController.h; sourceTree = "<group>"; };
		656E72BC1745DD2C001DCA0C /* tomTableGroupViewController.m */ = {isa = PBXFileReference; fileEncoding = 4; lastKnownFileType = sourcecode.c.objc; path = tomTableGroupViewController.m; sourceTree = "<group>"; };
		656E72BD1745DD2C001DCA0C /* tomTableGroupViewController.xib */ = {isa = PBXFileReference; fileEncoding = 4; lastKnownFileType = file.xib; path = tomTableGroupViewController.xib; sourceTree = "<group>"; };
		656E72C01745DF6E001DCA0C /* tomMainViewController.h */ = {isa = PBXFileReference; fileEncoding = 4; lastKnownFileType = sourcecode.c.h; path = tomMainViewController.h; sourceTree = "<group>"; };
		656E72C11745DF6E001DCA0C /* tomMainViewController.m */ = {isa = PBXFileReference; fileEncoding = 4; lastKnownFileType = sourcecode.c.objc; path = tomMainViewController.m; sourceTree = "<group>"; };
		656E72C21745DF6E001DCA0C /* tomMainViewController.xib */ = {isa = PBXFileReference; fileEncoding = 4; lastKnownFileType = file.xib; path = tomMainViewController.xib; sourceTree = "<group>"; };
		656E72C517462967001DCA0C /* tomTableDataModel.h */ = {isa = PBXFileReference; fileEncoding = 4; lastKnownFileType = sourcecode.c.h; path = tomTableDataModel.h; sourceTree = "<group>"; };
		656E72C617462967001DCA0C /* tomTableDataModel.m */ = {isa = PBXFileReference; fileEncoding = 4; lastKnownFileType = sourcecode.c.objc; path = tomTableDataModel.m; sourceTree = "<group>"; };
		656E72C817462F4E001DCA0C /* data.plist */ = {isa = PBXFileReference; fileEncoding = 4; lastKnownFileType = text.plist.xml; path = data.plist; sourceTree = "<group>"; };
/* End PBXFileReference section */

/* Begin PBXFrameworksBuildPhase section */
		656E72831745CD07001DCA0C /* Frameworks */ = {
			isa = PBXFrameworksBuildPhase;
			buildActionMask = 2147483647;
			files = (
				656E728A1745CD07001DCA0C /* UIKit.framework in Frameworks */,
				656E728C1745CD07001DCA0C /* Foundation.framework in Frameworks */,
				656E728E1745CD07001DCA0C /* CoreGraphics.framework in Frameworks */,
			);
			runOnlyForDeploymentPostprocessing = 0;
		};
/* End PBXFrameworksBuildPhase section */

/* Begin PBXGroup section */
		6531D4AB174B098400540148 /* wuliu */ = {
			isa = PBXGroup;
			children = (
				656A106B174CA8D500E18329 /* detail */,
				656A108A174CAAA600E18329 /* tomLogisticsViewController.h */,
				656A108B174CAAA600E18329 /* tomLogisticsViewController.m */,
				656A108C174CAAA600E18329 /* tomLogisticsViewController.xib */,
				656A108F174CBFC400E18329 /* LogisticsTableViewController.h */,
				656A1090174CBFC400E18329 /* LogisticsTableViewController.m */,
				656A1092174CC40300E18329 /* LogisticsOrderTableCell.h */,
				656A1093174CC40300E18329 /* LogisticsOrderTableCell.m */,
			);
			name = wuliu;
			sourceTree = "<group>";
		};
		656A106B174CA8D500E18329 /* detail */ = {
			isa = PBXGroup;
			children = (
				6531D4BD174B107C00540148 /* tomDetailLogisticsViewController.h */,
				6531D4BE174B107C00540148 /* tomDetailLogisticsViewController.m */,
				6531D4BF174B107C00540148 /* tomDetailLogisticsViewController.xib */,
				6531D4C2174B10D100540148 /* tomCustomDetailHeaderView.h */,
				6531D4C3174B10D100540148 /* tomCustomDetailHeaderView.m */,
				6531D4C5174B18F100540148 /* tomLogisticsTableCell.h */,
				6531D4C6174B18F100540148 /* tomLogisticsTableCell.m */,
				6531D4C8174B192400540148 /* tomDetailLogisticsTableViewController.h */,
				6531D4C9174B192400540148 /* tomDetailLogisticsTableViewController.m */,
			);
			name = detail;
			sourceTree = "<group>";
		};
		656A1081174CAA0100E18329 /* en.lproj */ = {
			isa = PBXGroup;
			children = (
				656A1082174CAA0100E18329 /* InfoPlist.strings */,
			);
			name = en.lproj;
			path = NavTableView/en.lproj;
			sourceTree = "<group>";
		};
		656E727D1745CD07001DCA0C = {
			isa = PBXGroup;
			children = (
				656A1080174CAA0100E18329 /* content_bg2@2x.png */,
				656A1081174CAA0100E18329 /* en.lproj */,
				656E728F1745CD07001DCA0C /* NavTableView */,
				656E72881745CD07001DCA0C /* Frameworks */,
				656E72871745CD07001DCA0C /* Products */,
			);
			sourceTree = "<group>";
		};
		656E72871745CD07001DCA0C /* Products */ = {
			isa = PBXGroup;
			children = (
				656E72861745CD07001DCA0C /* NavTableView.app */,
			);
			name = Products;
			sourceTree = "<group>";
		};
		656E72881745CD07001DCA0C /* Frameworks */ = {
			isa = PBXGroup;
			children = (
				656E72891745CD07001DCA0C /* UIKit.framework */,
				656E728B1745CD07001DCA0C /* Foundation.framework */,
				656E728D1745CD07001DCA0C /* CoreGraphics.framework */,
			);
			name = Frameworks;
			sourceTree = "<group>";
		};
		656E728F1745CD07001DCA0C /* NavTableView */ = {
			isa = PBXGroup;
			children = (
				6531D4AB174B098400540148 /* wuliu */,
				6531D492174A1F3300540148 /* tomCustomTableView.h */,
				6531D493174A1F3300540148 /* tomCustomTableView.m */,
				6531D481174A065700540148 /* LogisticsViewController.h */,
				6531D482174A065700540148 /* LogisticsViewController.m */,
				6531D483174A065700540148 /* LogisticsViewController.xib */,
				656E72C517462967001DCA0C /* tomTableDataModel.h */,
				656E72C617462967001DCA0C /* tomTableDataModel.m */,
				656E72C01745DF6E001DCA0C /* tomMainViewController.h */,
				656E72C11745DF6E001DCA0C /* tomMainViewController.m */,
				656E72BB1745DD2C001DCA0C /* tomTableGroupViewController.h */,
				656E72BC1745DD2C001DCA0C /* tomTableGroupViewController.m */,
				656E72AB1745D9AA001DCA0C /* tomNavViewController.h */,
				656E72AC1745D9AA001DCA0C /* tomNavViewController.m */,
				656E72B61745DC51001DCA0C /* tomTablePlainViewController.h */,
				656E72B71745DC51001DCA0C /* tomTablePlainViewController.m */,
				656E72981745CD07001DCA0C /* tomAppDelegate.h */,
				656E72991745CD07001DCA0C /* tomAppDelegate.m */,
				656E72901745CD07001DCA0C /* Supporting Files */,
				656E72A61745D298001DCA0C /* NavViewController.xib */,
				656E72B81745DC51001DCA0C /* tomTablePlainViewController.xib */,
				656E72BD1745DD2C001DCA0C /* tomTableGroupViewController.xib */,
				656E72C21745DF6E001DCA0C /* tomMainViewController.xib */,
				656E72C817462F4E001DCA0C /* data.plist */,
				6531D498174A36CD00540148 /* tomCustomTableCell.h */,
				6531D499174A36CD00540148 /* tomCustomTableCell.m */,
				6531D4A8174B08FE00540148 /* tomWuliuCustomTableViewController.h */,
				6531D4A9174B08FE00540148 /* tomWuliuCustomTableViewController.m */,
			);
			path = NavTableView;
			sourceTree = "<group>";
		};
		656E72901745CD07001DCA0C /* Supporting Files */ = {
			isa = PBXGroup;
			children = (
				656A1084174CAA0100E18329 /* line@2x.png */,
				656A1085174CAA0100E18329 /* sgin@2x.png */,
				656A107C174CA9C700E18329 /* top_bg@2x.png */,
				656A107D174CA9C700E18329 /* transportationicon@2x.png */,
				65673650174DE0520053EF9E /* allow2icon@2x.png */,
				656A106C174CA9B800E18329 /* icon1_off@2x.png */,
				656A106D174CA9B800E18329 /* icon1_on@2x.png */,
				656A106E174CA9B800E18329 /* icon2_off@2x.png */,
				656A106F174CA9B800E18329 /* icon2_on@2x.png */,
				656A1070174CA9B800E18329 /* icon3_off@2x.png */,
				656A1071174CA9B800E18329 /* icon3_on@2x.png */,
				656A1072174CA9B800E18329 /* icon4_off@2x.png */,
				656A1073174CA9B800E18329 /* icon4_on@2x.png */,
				6531D4CD174B866800540148 /* bg.png */,
				6531D4CB174B7CA400540148 /* 11.png */,
				6531D488174A18AF00540148 /* backbutton@2x.png */,
				6531D489174A18AF00540148 /* indexbutton@2x.png */,
				6531D48A174A18AF00540148 /* nav@2x.png */,
				6531D48B174A18AF00540148 /* right_off@2x.png */,
				6531D48C174A18AF00540148 /* right_on@2x.png */,
				6531D486174A0A8000540148 /* 2013.png */,
				656E72911745CD07001DCA0C /* NavTableView-Info.plist */,
				656E72921745CD07001DCA0C /* InfoPlist.strings */,
				656E72951745CD07001DCA0C /* main.m */,
				656E72971745CD07001DCA0C /* NavTableView-Prefix.pch */,
				656E729B1745CD07001DCA0C /* Default.png */,
				656E729D1745CD07001DCA0C /* Default@2x.png */,
				656E729F1745CD07001DCA0C /* Default-568h@2x.png */,
			);
			name = "Supporting Files";
			sourceTree = "<group>";
		};
/* End PBXGroup section */

/* Begin PBXNativeTarget section */
		656E72851745CD07001DCA0C /* NavTableView */ = {
			isa = PBXNativeTarget;
			buildConfigurationList = 656E72A31745CD07001DCA0C /* Build configuration list for PBXNativeTarget "NavTableView" */;
			buildPhases = (
				656E72821745CD07001DCA0C /* Sources */,
				656E72831745CD07001DCA0C /* Frameworks */,
				656E72841745CD07001DCA0C /* Resources */,
			);
			buildRules = (
			);
			dependencies = (
			);
			name = NavTableView;
			productName = NavTableView;
			productReference = 656E72861745CD07001DCA0C /* NavTableView.app */;
			productType = "com.apple.product-type.application";
		};
/* End PBXNativeTarget section */

/* Begin PBXProject section */
		656E727E1745CD07001DCA0C /* Project object */ = {
			isa = PBXProject;
			attributes = {
				CLASSPREFIX = tom;
				LastUpgradeCheck = 0460;
				ORGANIZATIONNAME = Tommy;
			};
			buildConfigurationList = 656E72811745CD07001DCA0C /* Build configuration list for PBXProject "NavTableView" */;
			compatibilityVersion = "Xcode 3.2";
			developmentRegion = English;
			hasScannedForEncodings = 0;
			knownRegions = (
				en,
			);
			mainGroup = 656E727D1745CD07001DCA0C;
			productRefGroup = 656E72871745CD07001DCA0C /* Products */;
			projectDirPath = "";
			projectRoot = "";
			targets = (
				656E72851745CD07001DCA0C /* NavTableView */,
			);
		};
/* End PBXProject section */

/* Begin PBXResourcesBuildPhase section */
		656E72841745CD07001DCA0C /* Resources */ = {
			isa = PBXResourcesBuildPhase;
			buildActionMask = 2147483647;
			files = (
				656E72941745CD07001DCA0C /* InfoPlist.strings in Resources */,
				656E729C1745CD07001DCA0C /* Default.png in Resources */,
				656E729E1745CD07001DCA0C /* Default@2x.png in Resources */,
				656E72A01745CD07001DCA0C /* Default-568h@2x.png in Resources */,
				656E72A71745D298001DCA0C /* NavViewController.xib in Resources */,
				656E72BA1745DC51001DCA0C /* tomTablePlainViewController.xib in Resources */,
				656E72BF1745DD2C001DCA0C /* tomTableGroupViewController.xib in Resources */,
				656E72C41745DF6E001DCA0C /* tomMainViewController.xib in Resources */,
				656E72C917462F4E001DCA0C /* data.plist in Resources */,
				6531D485174A065700540148 /* LogisticsViewController.xib in Resources */,
				6531D487174A0A8000540148 /* 2013.png in Resources */,
				6531D48D174A18AF00540148 /* backbutton@2x.png in Resources */,
				6531D48E174A18AF00540148 /* indexbutton@2x.png in Resources */,
				6531D48F174A18AF00540148 /* nav@2x.png in Resources */,
				6531D490174A18AF00540148 /* right_off@2x.png in Resources */,
				6531D491174A18AF00540148 /* right_on@2x.png in Resources */,
				6531D4C1174B107C00540148 /* tomDetailLogisticsViewController.xib in Resources */,
				6531D4CC174B7CA400540148 /* 11.png in Resources */,
				6531D4CE174B866800540148 /* bg.png in Resources */,
				656A1074174CA9B800E18329 /* icon1_off@2x.png in Resources */,
				656A1075174CA9B800E18329 /* icon1_on@2x.png in Resources */,
				656A1076174CA9B800E18329 /* icon2_off@2x.png in Resources */,
				656A1077174CA9B800E18329 /* icon2_on@2x.png in Resources */,
				656A1078174CA9B800E18329 /* icon3_off@2x.png in Resources */,
				656A1079174CA9B800E18329 /* icon3_on@2x.png in Resources */,
				656A107A174CA9B800E18329 /* icon4_off@2x.png in Resources */,
				656A107B174CA9B800E18329 /* icon4_on@2x.png in Resources */,
				656A107E174CA9C700E18329 /* top_bg@2x.png in Resources */,
				656A107F174CA9C700E18329 /* transportationicon@2x.png in Resources */,
				656A1086174CAA0100E18329 /* content_bg2@2x.png in Resources */,
				656A1087174CAA0100E18329 /* InfoPlist.strings in Resources */,
				656A1088174CAA0100E18329 /* line@2x.png in Resources */,
				656A1089174CAA0100E18329 /* sgin@2x.png in Resources */,
				656A108E174CAAA600E18329 /* tomLogisticsViewController.xib in Resources */,
				65673651174DE0520053EF9E /* allow2icon@2x.png in Resources */,
			);
			runOnlyForDeploymentPostprocessing = 0;
		};
/* End PBXResourcesBuildPhase section */

/* Begin PBXSourcesBuildPhase section */
		656E72821745CD07001DCA0C /* Sources */ = {
			isa = PBXSourcesBuildPhase;
			buildActionMask = 2147483647;
			files = (
				656E72961745CD07001DCA0C /* main.m in Sources */,
				656E729A1745CD07001DCA0C /* tomAppDelegate.m in Sources */,
				656E72AD1745D9AA001DCA0C /* tomNavViewController.m in Sources */,
				656E72B91745DC51001DCA0C /* tomTablePlainViewController.m in Sources */,
				656E72BE1745DD2C001DCA0C /* tomTableGroupViewController.m in Sources */,
				656E72C31745DF6E001DCA0C /* tomMainViewController.m in Sources */,
				656E72C717462967001DCA0C /* tomTableDataModel.m in Sources */,
				6531D484174A065700540148 /* LogisticsViewController.m in Sources */,
				6531D494174A1F3300540148 /* tomCustomTableView.m in Sources */,
				6531D49A174A36CD00540148 /* tomCustomTableCell.m in Sources */,
				6531D4AA174B08FE00540148 /* tomWuliuCustomTableViewController.m in Sources */,
				6531D4C0174B107C00540148 /* tomDetailLogisticsViewController.m in Sources */,
				6531D4C4174B10D100540148 /* tomCustomDetailHeaderView.m in Sources */,
				6531D4C7174B18F100540148 /* tomLogisticsTableCell.m in Sources */,
				6531D4CA174B192400540148 /* tomDetailLogisticsTableViewController.m in Sources */,
				656A108D174CAAA600E18329 /* tomLogisticsViewController.m in Sources */,
				656A1091174CBFC400E18329 /* LogisticsTableViewController.m in Sources */,
				656A1094174CC40300E18329 /* LogisticsOrderTableCell.m in Sources */,
			);
			runOnlyForDeploymentPostprocessing = 0;
		};
/* End PBXSourcesBuildPhase section */

/* Begin PBXVariantGroup section */
		656A1082174CAA0100E18329 /* InfoPlist.strings */ = {
			isa = PBXVariantGroup;
			children = (
				656A1083174CAA0100E18329 /* en */,
			);
			name = InfoPlist.strings;
			sourceTree = "<group>";
		};
		656E72921745CD07001DCA0C /* InfoPlist.strings */ = {
			isa = PBXVariantGroup;
			children = (
				656E72931745CD07001DCA0C /* en */,
			);
			name = InfoPlist.strings;
			sourceTree = "<group>";
		};
/* End PBXVariantGroup section */

/* Begin XCBuildConfiguration section */
		656E72A11745CD07001DCA0C /* Debug */ = {
			isa = XCBuildConfiguration;
			buildSettings = {
				ALWAYS_SEARCH_USER_PATHS = NO;
				CLANG_CXX_LANGUAGE_STANDARD = "gnu++0x";
				CLANG_CXX_LIBRARY = "libc++";
				CLANG_WARN_CONSTANT_CONVERSION = YES;
				CLANG_WARN_EMPTY_BODY = YES;
				CLANG_WARN_ENUM_CONVERSION = YES;
				CLANG_WARN_INT_CONVERSION = YES;
				CLANG_WARN__DUPLICATE_METHOD_MATCH = YES;
				"CODE_SIGN_IDENTITY[sdk=iphoneos*]" = "iPhone Developer";
				COPY_PHASE_STRIP = NO;
				GCC_C_LANGUAGE_STANDARD = gnu99;
				GCC_DYNAMIC_NO_PIC = NO;
				GCC_OPTIMIZATION_LEVEL = 0;
				GCC_PREPROCESSOR_DEFINITIONS = (
					"DEBUG=1",
					"$(inherited)",
				);
				GCC_SYMBOLS_PRIVATE_EXTERN = NO;
				GCC_WARN_ABOUT_RETURN_TYPE = YES;
				GCC_WARN_UNINITIALIZED_AUTOS = YES;
				GCC_WARN_UNUSED_VARIABLE = YES;
				IPHONEOS_DEPLOYMENT_TARGET = 6.1;
				ONLY_ACTIVE_ARCH = YES;
				SDKROOT = iphoneos;
			};
			name = Debug;
		};
		656E72A21745CD07001DCA0C /* Release */ = {
			isa = XCBuildConfiguration;
			buildSettings = {
				ALWAYS_SEARCH_USER_PATHS = NO;
				CLANG_CXX_LANGUAGE_STANDARD = "gnu++0x";
				CLANG_CXX_LIBRARY = "libc++";
				CLANG_WARN_CONSTANT_CONVERSION = YES;
				CLANG_WARN_EMPTY_BODY = YES;
				CLANG_WARN_ENUM_CONVERSION = YES;
				CLANG_WARN_INT_CONVERSION = YES;
				CLANG_WARN__DUPLICATE_METHOD_MATCH = YES;
				"CODE_SIGN_IDENTITY[sdk=iphoneos*]" = "iPhone Developer";
				COPY_PHASE_STRIP = YES;
				GCC_C_LANGUAGE_STANDARD = gnu99;
				GCC_WARN_ABOUT_RETURN_TYPE = YES;
				GCC_WARN_UNINITIALIZED_AUTOS = YES;
				GCC_WARN_UNUSED_VARIABLE = YES;
				IPHONEOS_DEPLOYMENT_TARGET = 6.1;
				OTHER_CFLAGS = "-DNS_BLOCK_ASSERTIONS=1";
				SDKROOT = iphoneos;
				VALIDATE_PRODUCT = YES;
			};
			name = Release;
		};
		656E72A41745CD07001DCA0C /* Debug */ = {
			isa = XCBuildConfiguration;
			buildSettings = {
				GCC_PRECOMPILE_PREFIX_HEADER = YES;
				GCC_PREFIX_HEADER = "NavTableView/NavTableView-Prefix.pch";
				INFOPLIST_FILE = "NavTableView/NavTableView-Info.plist";
				PRODUCT_NAME = "$(TARGET_NAME)";
				WRAPPER_EXTENSION = app;
			};
			name = Debug;
		};
		656E72A51745CD07001DCA0C /* Release */ = {
			isa = XCBuildConfiguration;
			buildSettings = {
				GCC_PRECOMPILE_PREFIX_HEADER = YES;
				GCC_PREFIX_HEADER = "NavTableView/NavTableView-Prefix.pch";
				INFOPLIST_FILE = "NavTableView/NavTableView-Info.plist";
				PRODUCT_NAME = "$(TARGET_NAME)";
				WRAPPER_EXTENSION = app;
			};
			name = Release;
		};
/* End XCBuildConfiguration section */

/* Begin XCConfigurationList section */
		656E72811745CD07001DCA0C /* Build configuration list for PBXProject "NavTableView" */ = {
			isa = XCConfigurationList;
			buildConfigurations = (
				656E72A11745CD07001DCA0C /* Debug */,
				656E72A21745CD07001DCA0C /* Release */,
			);
			defaultConfigurationIsVisible = 0;
			defaultConfigurationName = Release;
		};
		656E72A31745CD07001DCA0C /* Build configuration list for PBXNativeTarget "NavTableView" */ = {
			isa = XCConfigurationList;
			buildConfigurations = (
				656E72A41745CD07001DCA0C /* Debug */,
				656E72A51745CD07001DCA0C /* Release */,
			);
			defaultConfigurationIsVisible = 0;
			defaultConfigurationName = Release;
		};
/* End XCConfigurationList section */
	};
	rootObject = 656E727E1745CD07001DCA0C /* Project object */;
}
